
Microsoft Visual Studio Solution File, Format Version 12.00
# Visual Studio Version 17
VisualStudioVersion = 17.1.32210.238
MinimumVisualStudioVersion = 10.0.40219.1
Project("{2150E333-8FDC-42A3-9474-1A3956D46DE8}") = "src", "src", "{CFFB1EB9-6447-4C20-8400-27D7E2B04508}"
EndProject
Project("{2150E333-8FDC-42A3-9474-1A3956D46DE8}") = "tests", "tests", "{1362EA01-9B01-4E17-A8FB-E42730A2AAB1}"
EndProject
Project("{2150E333-8FDC-42A3-9474-1A3956D46DE8}") = "corePackages", "corePackages", "{01B7F227-CE8F-41FD-9AF8-6AF5E5259161}"
EndProject
Project("{2150E333-8FDC-42A3-9474-1A3956D46DE8}") = "projects", "projects", "{84E05683-0E4A-4FB1-8FD4-9F0C509BC74C}"
EndProject
Project("{9A19103F-16F7-4668-BE54-9A1E7A4F7556}") = "Core.Application", "src\corePackages\Core.Application\Core.Application.csproj", "{CD9A8AA1-5CAB-4218-91C5-2550BB86354A}"
EndProject
Project("{9A19103F-16F7-4668-BE54-9A1E7A4F7556}") = "Core.CrossCuttingConcerns", "src\corePackages\Core.CrossCuttingConcers\Core.CrossCuttingConcerns.csproj", "{A6D04B11-0C09-4361-B044-B743F61D9E06}"
EndProject
Project("{9A19103F-16F7-4668-BE54-9A1E7A4F7556}") = "Core.ElasticSearch", "src\corePackages\Core.ElasticSearch\Core.ElasticSearch.csproj", "{EAE0F331-1D99-42F6-9926-34C3EAD78BBF}"
EndProject
Project("{9A19103F-16F7-4668-BE54-9A1E7A4F7556}") = "Core.Mailing", "src\corePackages\Core.Mailing\Core.Mailing.csproj", "{4EA615C5-8C04-4EA1-91DA-C86DA54D2E63}"
EndProject
Project("{9A19103F-16F7-4668-BE54-9A1E7A4F7556}") = "Core.Persistence", "src\corePackages\Core.Persistence\Core.Persistence.csproj", "{54635492-7F95-449B-8C5B-493566F68D4A}"
EndProject
Project("{9A19103F-16F7-4668-BE54-9A1E7A4F7556}") = "Core.Security", "src\corePackages\Core.Security\Core.Security.csproj", "{00AA7CFA-B348-4303-B3D0-40750DA10B94}"
EndProject
Project("{2150E333-8FDC-42A3-9474-1A3956D46DE8}") = "rentACar", "rentACar", "{819A5B72-1FA1-40D5-8755-F4283ED96424}"
EndProject
Project("{9A19103F-16F7-4668-BE54-9A1E7A4F7556}") = "RentACar.Infrastructure", "src\projects\rentACar\RentACar.Infrastructure\RentACar.Infrastructure.csproj", "{8576341C-C5AF-4672-8320-28DD3A227CE4}"
EndProject
Project("{9A19103F-16F7-4668-BE54-9A1E7A4F7556}") = "RentACar.Domain", "src\projects\rentACar\RentACar.Domain\RentACar.Domain.csproj", "{2CC29875-FCA6-4687-B44B-5B9FBF65EE5E}"
EndProject
Project("{9A19103F-16F7-4668-BE54-9A1E7A4F7556}") = "RentACar.Persistence", "src\projects\rentACar\RentACar.Persistence\RentACar.Persistence.csproj", "{F5226710-AFEA-4995-9663-64B6435794CB}"
EndProject
Project("{9A19103F-16F7-4668-BE54-9A1E7A4F7556}") = "RentACar.Application", "src\projects\rentACar\RentACar.Application\RentACar.Application.csproj", "{8E318526-C54B-4D53-98AF-ECAF82D5473F}"
EndProject
Project("{9A19103F-16F7-4668-BE54-9A1E7A4F7556}") = "RentACar.WebAPI", "src\projects\rentACar\RentACar.WebAPI\RentACar.WebAPI.csproj", "{27876C2A-E497-4F23-A042-41005EA81636}"
EndProject
Project("{2150E333-8FDC-42A3-9474-1A3956D46DE8}") = "kodlama.Io.Devs", "kodlama.Io.Devs", "{EFC7C944-765A-4B88-9E3F-4D3CBDE2CD22}"
EndProject
Project("{9A19103F-16F7-4668-BE54-9A1E7A4F7556}") = "Kodlama.Io.Devs.Application", "src\projects\kodlama.Io.Devs\Kodlama.Io.Devs.Application\Kodlama.Io.Devs.Application.csproj", "{1AD9A603-15CB-49F3-A7FC-2B4834006F29}"
EndProject
Project("{9A19103F-16F7-4668-BE54-9A1E7A4F7556}") = "Kodlama.Io.Devs.Domain", "src\projects\kodlama.Io.Devs\Kodlama.Io.Devs.Domain\Kodlama.Io.Devs.Domain.csproj", "{74EF1043-108E-4C39-8606-CD2951212072}"
EndProject
Project("{9A19103F-16F7-4668-BE54-9A1E7A4F7556}") = "Kodlama.Io.Devs.Infrastructure", "src\projects\kodlama.Io.Devs\Kodlama.Io.Devs.Infrastructure\Kodlama.Io.Devs.Infrastructure.csproj", "{439C1EE9-F286-42EE-94C5-14F8E25E91A9}"
EndProject
Project("{FAE04EC0-301F-11D3-BF4B-00C04F79EFBC}") = "Kodlama.Io.Devs.Persistence", "src\projects\kodlama.Io.Devs\Kodlama.Io.Devs.Persistence\Kodlama.Io.Devs.Persistence.csproj", "{029B4135-78EE-4D18-9530-585182CA87AE}"
EndProject
Project("{FAE04EC0-301F-11D3-BF4B-00C04F79EFBC}") = "Kodlama.Io.Devs.WebAPI", "src\projects\kodlama.Io.Devs\Kodlama.Io.Devs.WebAPI\Kodlama.Io.Devs.WebAPI.csproj", "{CB744D14-E222-4A9C-96B6-4DD13582D2A0}"
EndProject
Global
	GlobalSection(SolutionConfigurationPlatforms) = preSolution
		Debug|Any CPU = Debug|Any CPU
		Release|Any CPU = Release|Any CPU
	EndGlobalSection
	GlobalSection(ProjectConfigurationPlatforms) = postSolution
		{CD9A8AA1-5CAB-4218-91C5-2550BB86354A}.Debug|Any CPU.ActiveCfg = Debug|Any CPU
		{CD9A8AA1-5CAB-4218-91C5-2550BB86354A}.Debug|Any CPU.Build.0 = Debug|Any CPU
		{CD9A8AA1-5CAB-4218-91C5-2550BB86354A}.Release|Any CPU.ActiveCfg = Release|Any CPU
		{CD9A8AA1-5CAB-4218-91C5-2550BB86354A}.Release|Any CPU.Build.0 = Release|Any CPU
		{A6D04B11-0C09-4361-B044-B743F61D9E06}.Debug|Any CPU.ActiveCfg = Debug|Any CPU
		{A6D04B11-0C09-4361-B044-B743F61D9E06}.Debug|Any CPU.Build.0 = Debug|Any CPU
		{A6D04B11-0C09-4361-B044-B743F61D9E06}.Release|Any CPU.ActiveCfg = Release|Any CPU
		{A6D04B11-0C09-4361-B044-B743F61D9E06}.Release|Any CPU.Build.0 = Release|Any CPU
		{EAE0F331-1D99-42F6-9926-34C3EAD78BBF}.Debug|Any CPU.ActiveCfg = Debug|Any CPU
		{EAE0F331-1D99-42F6-9926-34C3EAD78BBF}.Debug|Any CPU.Build.0 = Debug|Any CPU
		{EAE0F331-1D99-42F6-9926-34C3EAD78BBF}.Release|Any CPU.ActiveCfg = Release|Any CPU
		{EAE0F331-1D99-42F6-9926-34C3EAD78BBF}.Release|Any CPU.Build.0 = Release|Any CPU
		{4EA615C5-8C04-4EA1-91DA-C86DA54D2E63}.Debug|Any CPU.ActiveCfg = Debug|Any CPU
		{4EA615C5-8C04-4EA1-91DA-C86DA54D2E63}.Debug|Any CPU.Build.0 = Debug|Any CPU
		{4EA615C5-8C04-4EA1-91DA-C86DA54D2E63}.Release|Any CPU.ActiveCfg = Release|Any CPU
		{4EA615C5-8C04-4EA1-91DA-C86DA54D2E63}.Release|Any CPU.Build.0 = Release|Any CPU
		{54635492-7F95-449B-8C5B-493566F68D4A}.Debug|Any CPU.ActiveCfg = Debug|Any CPU
		{54635492-7F95-449B-8C5B-493566F68D4A}.Debug|Any CPU.Build.0 = Debug|Any CPU
		{54635492-7F95-449B-8C5B-493566F68D4A}.Release|Any CPU.ActiveCfg = Release|Any CPU
		{54635492-7F95-449B-8C5B-493566F68D4A}.Release|Any CPU.Build.0 = Release|Any CPU
		{00AA7CFA-B348-4303-B3D0-40750DA10B94}.Debug|Any CPU.ActiveCfg = Debug|Any CPU
		{00AA7CFA-B348-4303-B3D0-40750DA10B94}.Debug|Any CPU.Build.0 = Debug|Any CPU
		{00AA7CFA-B348-4303-B3D0-40750DA10B94}.Release|Any CPU.ActiveCfg = Release|Any CPU
		{00AA7CFA-B348-4303-B3D0-40750DA10B94}.Release|Any CPU.Build.0 = Release|Any CPU
		{8576341C-C5AF-4672-8320-28DD3A227CE4}.Debug|Any CPU.ActiveCfg = Debug|Any CPU
		{8576341C-C5AF-4672-8320-28DD3A227CE4}.Debug|Any CPU.Build.0 = Debug|Any CPU
		{8576341C-C5AF-4672-8320-28DD3A227CE4}.Release|Any CPU.ActiveCfg = Release|Any CPU
		{8576341C-C5AF-4672-8320-28DD3A227CE4}.Release|Any CPU.Build.0 = Release|Any CPU
		{2CC29875-FCA6-4687-B44B-5B9FBF65EE5E}.Debug|Any CPU.ActiveCfg = Debug|Any CPU
		{2CC29875-FCA6-4687-B44B-5B9FBF65EE5E}.Debug|Any CPU.Build.0 = Debug|Any CPU
		{2CC29875-FCA6-4687-B44B-5B9FBF65EE5E}.Release|Any CPU.ActiveCfg = Release|Any CPU
		{2CC29875-FCA6-4687-B44B-5B9FBF65EE5E}.Release|Any CPU.Build.0 = Release|Any CPU
		{F5226710-AFEA-4995-9663-64B6435794CB}.Debug|Any CPU.ActiveCfg = Debug|Any CPU
		{F5226710-AFEA-4995-9663-64B6435794CB}.Debug|Any CPU.Build.0 = Debug|Any CPU
		{F5226710-AFEA-4995-9663-64B6435794CB}.Release|Any CPU.ActiveCfg = Release|Any CPU
		{F5226710-AFEA-4995-9663-64B6435794CB}.Release|Any CPU.Build.0 = Release|Any CPU
		{8E318526-C54B-4D53-98AF-ECAF82D5473F}.Debug|Any CPU.ActiveCfg = Debug|Any CPU
		{8E318526-C54B-4D53-98AF-ECAF82D5473F}.Debug|Any CPU.Build.0 = Debug|Any CPU
		{8E318526-C54B-4D53-98AF-ECAF82D5473F}.Release|Any CPU.ActiveCfg = Release|Any CPU
		{8E318526-C54B-4D53-98AF-ECAF82D5473F}.Release|Any CPU.Build.0 = Release|Any CPU
		{27876C2A-E497-4F23-A042-41005EA81636}.Debug|Any CPU.ActiveCfg = Debug|Any CPU
		{27876C2A-E497-4F23-A042-41005EA81636}.Debug|Any CPU.Build.0 = Debug|Any CPU
		{27876C2A-E497-4F23-A042-41005EA81636}.Release|Any CPU.ActiveCfg = Release|Any CPU
		{27876C2A-E497-4F23-A042-41005EA81636}.Release|Any CPU.Build.0 = Release|Any CPU
		{1AD9A603-15CB-49F3-A7FC-2B4834006F29}.Debug|Any CPU.ActiveCfg = Debug|Any CPU
		{1AD9A603-15CB-49F3-A7FC-2B4834006F29}.Debug|Any CPU.Build.0 = Debug|Any CPU
		{1AD9A603-15CB-49F3-A7FC-2B4834006F29}.Release|Any CPU.ActiveCfg = Release|Any CPU
		{1AD9A603-15CB-49F3-A7FC-2B4834006F29}.Release|Any CPU.Build.0 = Release|Any CPU
		{74EF1043-108E-4C39-8606-CD2951212072}.Debug|Any CPU.ActiveCfg = Debug|Any CPU
		{74EF1043-108E-4C39-8606-CD2951212072}.Debug|Any CPU.Build.0 = Debug|Any CPU
		{74EF1043-108E-4C39-8606-CD2951212072}.Release|Any CPU.ActiveCfg = Release|Any CPU
		{74EF1043-108E-4C39-8606-CD2951212072}.Release|Any CPU.Build.0 = Release|Any CPU
		{439C1EE9-F286-42EE-94C5-14F8E25E91A9}.Debug|Any CPU.ActiveCfg = Debug|Any CPU
		{439C1EE9-F286-42EE-94C5-14F8E25E91A9}.Debug|Any CPU.Build.0 = Debug|Any CPU
		{439C1EE9-F286-42EE-94C5-14F8E25E91A9}.Release|Any CPU.ActiveCfg = Release|Any CPU
		{439C1EE9-F286-42EE-94C5-14F8E25E91A9}.Release|Any CPU.Build.0 = Release|Any CPU
		{029B4135-78EE-4D18-9530-585182CA87AE}.Debug|Any CPU.ActiveCfg = Debug|Any CPU
		{029B4135-78EE-4D18-9530-585182CA87AE}.Debug|Any CPU.Build.0 = Debug|Any CPU
		{029B4135-78EE-4D18-9530-585182CA87AE}.Release|Any CPU.ActiveCfg = Release|Any CPU
		{029B4135-78EE-4D18-9530-585182CA87AE}.Release|Any CPU.Build.0 = Release|Any CPU
		{CB744D14-E222-4A9C-96B6-4DD13582D2A0}.Debug|Any CPU.ActiveCfg = Debug|Any CPU
		{CB744D14-E222-4A9C-96B6-4DD13582D2A0}.Debug|Any CPU.Build.0 = Debug|Any CPU
		{CB744D14-E222-4A9C-96B6-4DD13582D2A0}.Release|Any CPU.ActiveCfg = Release|Any CPU
		{CB744D14-E222-4A9C-96B6-4DD13582D2A0}.Release|Any CPU.Build.0 = Release|Any CPU
	EndGlobalSection
	GlobalSection(SolutionProperties) = preSolution
		HideSolutionNode = FALSE
	EndGlobalSection
	GlobalSection(NestedProjects) = preSolution
		{01B7F227-CE8F-41FD-9AF8-6AF5E5259161} = {CFFB1EB9-6447-4C20-8400-27D7E2B04508}
		{84E05683-0E4A-4FB1-8FD4-9F0C509BC74C} = {CFFB1EB9-6447-4C20-8400-27D7E2B04508}
		{CD9A8AA1-5CAB-4218-91C5-2550BB86354A} = {01B7F227-CE8F-41FD-9AF8-6AF5E5259161}
		{A6D04B11-0C09-4361-B044-B743F61D9E06} = {01B7F227-CE8F-41FD-9AF8-6AF5E5259161}
		{EAE0F331-1D99-42F6-9926-34C3EAD78BBF} = {01B7F227-CE8F-41FD-9AF8-6AF5E5259161}
		{4EA615C5-8C04-4EA1-91DA-C86DA54D2E63} = {01B7F227-CE8F-41FD-9AF8-6AF5E5259161}
		{54635492-7F95-449B-8C5B-493566F68D4A} = {01B7F227-CE8F-41FD-9AF8-6AF5E5259161}
		{00AA7CFA-B348-4303-B3D0-40750DA10B94} = {01B7F227-CE8F-41FD-9AF8-6AF5E5259161}
		{819A5B72-1FA1-40D5-8755-F4283ED96424} = {84E05683-0E4A-4FB1-8FD4-9F0C509BC74C}
		{8576341C-C5AF-4672-8320-28DD3A227CE4} = {819A5B72-1FA1-40D5-8755-F4283ED96424}
		{2CC29875-FCA6-4687-B44B-5B9FBF65EE5E} = {819A5B72-1FA1-40D5-8755-F4283ED96424}
		{F5226710-AFEA-4995-9663-64B6435794CB} = {819A5B72-1FA1-40D5-8755-F4283ED96424}
		{8E318526-C54B-4D53-98AF-ECAF82D5473F} = {819A5B72-1FA1-40D5-8755-F4283ED96424}
		{27876C2A-E497-4F23-A042-41005EA81636} = {819A5B72-1FA1-40D5-8755-F4283ED96424}
		{EFC7C944-765A-4B88-9E3F-4D3CBDE2CD22} = {84E05683-0E4A-4FB1-8FD4-9F0C509BC74C}
		{1AD9A603-15CB-49F3-A7FC-2B4834006F29} = {EFC7C944-765A-4B88-9E3F-4D3CBDE2CD22}
		{74EF1043-108E-4C39-8606-CD2951212072} = {EFC7C944-765A-4B88-9E3F-4D3CBDE2CD22}
		{439C1EE9-F286-42EE-94C5-14F8E25E91A9} = {EFC7C944-765A-4B88-9E3F-4D3CBDE2CD22}
		{029B4135-78EE-4D18-9530-585182CA87AE} = {EFC7C944-765A-4B88-9E3F-4D3CBDE2CD22}
		{CB744D14-E222-4A9C-96B6-4DD13582D2A0} = {EFC7C944-765A-4B88-9E3F-4D3CBDE2CD22}
	EndGlobalSection
	GlobalSection(ExtensibilityGlobals) = postSolution
		SolutionGuid = {C127633B-AB1B-43AE-A516-DCF06F13F757}
	EndGlobalSection
EndGlobal
